# THIS IS AN AUTOGENERATED FILE. DO NOT EDIT THIS FILE DIRECTLY.
# yarn lockfile v1


"@lit/reactive-element@^1.0.0":
  version "1.0.0"
  resolved "https://registry.yarnpkg.com/@lit/reactive-element/-/reactive-element-1.0.0.tgz#7b6e6a85709cda0370c47e425ac2f3b553696a4b"
  integrity sha512-Kpgenb8UNFsKCsFhggiVvUkCbcFQSd6N8hffYEEGjz27/4rw3cTSsmP9t3q1EHOAsdum60Wo64HvuZDFpEwexA==

"@types/component-emitter@^1.2.10":
  version "1.2.10"
  resolved "https://registry.yarnpkg.com/@types/component-emitter/-/component-emitter-1.2.10.tgz#ef5b1589b9f16544642e473db5ea5639107ef3ea"
  integrity sha512-bsjleuRKWmGqajMerkzox19aGbscQX5rmmvvXl3wlIp5gMG1HgkiwPxsN5p070fBDKTNSPgojVbuY1+HWMbFhg==

"@types/jquery@^3.5.6":
  version "3.5.6"
  resolved "https://registry.yarnpkg.com/@types/jquery/-/jquery-3.5.6.tgz#97ac8e36dccd8ad8ed3f3f3b48933614d9fd8cf0"
  integrity sha512-SmgCQRzGPId4MZQKDj9Hqc6kSXFNWZFHpELkyK8AQhf8Zr6HKfCzFv9ZC1Fv3FyQttJZOlap3qYb12h61iZAIg==
  dependencies:
    "@types/sizzle" "*"

"@types/node@^15.12.2":
  version "15.14.9"
  resolved "https://registry.yarnpkg.com/@types/node/-/node-15.14.9.tgz#bc43c990c3c9be7281868bbc7b8fdd6e2b57adfa"
  integrity sha512-qjd88DrCxupx/kJD5yQgZdcYKZKSIGBVDIBE1/LTGcNm3d2Np/jxojkdePDdfnBHJc5W7vSMpbJ1aB7p/Py69A==

"@types/sizzle@*":
  version "2.3.3"
  resolved "https://registry.yarnpkg.com/@types/sizzle/-/sizzle-2.3.3.tgz#ff5e2f1902969d305225a047c8a0fd5c915cebef"
  integrity sha512-JYM8x9EGF163bEyhdJBpR2QX1R5naCJHC8ucJylJ3w9/CVBaskdQ8WqBf8MmQrd1kRvp/a4TS8HJ+bxzR7ZJYQ==

"@types/trusted-types@^2.0.2":
  version "2.0.2"
  resolved "https://registry.yarnpkg.com/@types/trusted-types/-/trusted-types-2.0.2.tgz#fc25ad9943bcac11cceb8168db4f275e0e72e756"
  integrity sha512-F5DIZ36YVLE+PN+Zwws4kJogq47hNgX3Nx6WyDJ3kcplxyke3XIzB8uK5n/Lpm1HBsbGzd6nmGehL8cPekP+Tg==

backo2@~1.0.2:
  version "1.0.2"
  resolved "https://registry.yarnpkg.com/backo2/-/backo2-1.0.2.tgz#31ab1ac8b129363463e35b3ebb69f4dfcfba7947"
  integrity sha1-MasayLEpNjRj41s+u2n038+6eUc=

base64-arraybuffer@0.1.4:
  version "0.1.4"
  resolved "https://registry.yarnpkg.com/base64-arraybuffer/-/base64-arraybuffer-0.1.4.tgz#9818c79e059b1355f97e0428a017c838e90ba812"
  integrity sha1-mBjHngWbE1X5fgQooBfIOOkLqBI=

component-emitter@~1.3.0:
  version "1.3.0"
  resolved "https://registry.yarnpkg.com/component-emitter/-/component-emitter-1.3.0.tgz#16e4070fba8ae29b679f2215853ee181ab2eabc0"
  integrity sha512-Rd3se6QB+sO1TwqZjscQrurpEPIfO0/yYnSin6Q/rD3mOutHvUrCAhJub3r90uNb+SESBuE0QYoB90YdfatsRg==

debug@~4.3.1, debug@~4.3.2:
  version "4.3.2"
  resolved "https://registry.yarnpkg.com/debug/-/debug-4.3.2.tgz#f0a49c18ac8779e31d4a0c6029dfb76873c7428b"
  integrity sha512-mOp8wKcvj7XxC78zLgw/ZA+6TSgkoE2C/ienthhRD298T7UNwAg9diBpLRxC0mOezLl4B0xV7M0cCO6P/O0Xhw==
  dependencies:
    ms "2.1.2"

engine.io-client@~5.2.0:
  version "5.2.0"
  resolved "https://registry.yarnpkg.com/engine.io-client/-/engine.io-client-5.2.0.tgz#ae38c79a4af16258c0300e6819c0ea8ecc1597cd"
  integrity sha512-BcIBXGBkT7wKecwnfrSV79G2X5lSUSgeAGgoo60plXf8UsQEvCQww/KMwXSMhVjb98fFYNq20CC5eo8IOAPqsg==
  dependencies:
    base64-arraybuffer "0.1.4"
    component-emitter "~1.3.0"
    debug "~4.3.1"
    engine.io-parser "~4.0.1"
    has-cors "1.1.0"
    parseqs "0.0.6"
    parseuri "0.0.6"
    ws "~7.4.2"
    xmlhttprequest-ssl "~2.0.0"
    yeast "0.1.2"

engine.io-parser@~4.0.1:
  version "4.0.3"
  resolved "https://registry.yarnpkg.com/engine.io-parser/-/engine.io-parser-4.0.3.tgz#83d3a17acfd4226f19e721bb22a1ee8f7662d2f6"
  integrity sha512-xEAAY0msNnESNPc00e19y5heTPX4y/TJ36gr8t1voOaNmTojP9b3oK3BbJLFufW2XFPQaaijpFewm2g2Um3uqA==
  dependencies:
    base64-arraybuffer "0.1.4"

esbuild@^0.12.17:
  version "0.12.29"
  resolved "https://registry.yarnpkg.com/esbuild/-/esbuild-0.12.29.tgz#be602db7c4dc78944a9dbde0d1ea19d36c1f882d"
  integrity sha512-w/XuoBCSwepyiZtIRsKsetiLDUVGPVw1E/R3VTFSecIy8UR7Cq3SOtwKHJMFoVqqVG36aGkzh4e8BvpO1Fdc7g==

fsevents@~2.3.2:
  version "2.3.2"
  resolved "https://registry.yarnpkg.com/fsevents/-/fsevents-2.3.2.tgz#8a526f78b8fdf4623b709e0b975c52c24c02fd1a"
  integrity sha512-xiqMQR4xAeHTuB9uWm+fFRcIOgKBMiOBP+eXiyT7jsgVCq1bkVygt00oASowB7EdtpOHaaPgKt812P9ab+DDKA==

function-bind@^1.1.1:
  version "1.1.1"
  resolved "https://registry.yarnpkg.com/function-bind/-/function-bind-1.1.1.tgz#a56899d3ea3c9bab874bb9773b7c5ede92f4895d"
  integrity sha512-yIovAzMX49sF8Yl58fSCWJ5svSLuaibPxXQJFLmBObTuCr0Mf1KiPopGM9NiFjiYBCbfaa2Fh6breQ6ANVTI0A==

has-cors@1.1.0:
  version "1.1.0"
  resolved "https://registry.yarnpkg.com/has-cors/-/has-cors-1.1.0.tgz#5e474793f7ea9843d1bb99c23eef49ff126fff39"
  integrity sha1-XkdHk/fqmEPRu5nCPu9J/xJv/zk=

has@^1.0.3:
  version "1.0.3"
  resolved "https://registry.yarnpkg.com/has/-/has-1.0.3.tgz#722d7cbfc1f6aa8241f16dd814e011e1f41e8796"
  integrity sha512-f2dvO0VU6Oej7RkWJGrehjbzMAjFp5/VKPp5tTpWIV4JHHZK1/BxbFRtf/siA2SWTe09caDmVtYYzWEIbBS4zw==
  dependencies:
    function-bind "^1.1.1"

is-core-module@^2.2.0:
  version "2.7.0"
  resolved "https://registry.yarnpkg.com/is-core-module/-/is-core-module-2.7.0.tgz#3c0ef7d31b4acfc574f80c58409d568a836848e3"
  integrity sha512-ByY+tjCciCr+9nLryBYcSD50EOGWt95c7tIsKTG1J2ixKKXPvF7Ej3AVd+UfDydAJom3biBGDBALaO79ktwgEQ==
  dependencies:
    has "^1.0.3"

jquery@^3.6.0:
  version "3.6.0"
  resolved "https://registry.yarnpkg.com/jquery/-/jquery-3.6.0.tgz#c72a09f15c1bdce142f49dbf1170bdf8adac2470"
  integrity sha512-JVzAR/AjBvVt2BmYhxRCSYysDsPcssdmTFnzyLEts9qNwmjmu4JTAMYubEfwVOSwpQ1I1sKKFcxhZCI2buerfw==

lit-element@^3.0.0:
  version "3.0.0"
  resolved "https://registry.yarnpkg.com/lit-element/-/lit-element-3.0.0.tgz#0e9e64ddbc3dd6a8da4d6fbfadbc070a54cf0597"
  integrity sha512-oPqRhhBBhs+AlI62QLwtWQNU/bNK/h2L1jI3IDroqZubo6XVAkyNy2dW3CRfjij8mrNlY7wULOfyyKKOnfEePA==
  dependencies:
    "@lit/reactive-element" "^1.0.0"
    lit-html "^2.0.0"

lit-html@^2.0.0:
  version "2.0.0"
  resolved "https://registry.yarnpkg.com/lit-html/-/lit-html-2.0.0.tgz#ba6779269c382e66d7403a96ed99516ccc3d658b"
  integrity sha512-tJsCapCmc0vtLj6harqd6HfCxnlt/RSkgowtz4SC9dFE3nSL38Tb33I5HMDiyJsRjQZRTgpVsahrnDrR9wg27w==
  dependencies:
    "@types/trusted-types" "^2.0.2"

lit@^2.0.0-rc.2:
  version "2.0.0"
  resolved "https://registry.yarnpkg.com/lit/-/lit-2.0.0.tgz#7710095dc518d9858dde579e9c76b9eed71e98ba"
  integrity sha512-pqi5O/wVzQ9Bn4ERRoYQlt1EAUWyY5Wv888vzpoArbtChc+zfUv1XohRqSdtQZYCogl0eHKd+MQwymg2XJfECg==
  dependencies:
    "@lit/reactive-element" "^1.0.0"
    lit-element "^3.0.0"
    lit-html "^2.0.0"

ms@2.1.2:
  version "2.1.2"
  resolved "https://registry.yarnpkg.com/ms/-/ms-2.1.2.tgz#d09d1f357b443f493382a8eb3ccd183872ae6009"
  integrity sha512-sGkPx+VjMtmA6MX27oA4FBFELFCZZ4S4XqeGOXCv68tT+jb3vk/RyaKWP0PTKyWtmLSM0b+adUTEvbs1PEaH2w==

nanocolors@^0.2.2:
  version "0.2.12"
  resolved "https://registry.yarnpkg.com/nanocolors/-/nanocolors-0.2.12.tgz#4d05932e70116078673ea4cc6699a1c56cc77777"
  integrity sha512-SFNdALvzW+rVlzqexid6epYdt8H9Zol7xDoQarioEFcFN0JHo4CYNztAxmtfgGTVRCmFlEOqqhBpoFGKqSAMug==

nanoid@^3.1.25:
  version "3.1.28"
  resolved "https://registry.yarnpkg.com/nanoid/-/nanoid-3.1.28.tgz#3c01bac14cb6c5680569014cc65a2f26424c6bd4"
  integrity sha512-gSu9VZ2HtmoKYe/lmyPFES5nknFrHa+/DT9muUFWFMi6Jh9E1I7bkvlQ8xxf1Kos9pi9o8lBnIOkatMhKX/YUw==

parseqs@0.0.6:
  version "0.0.6"
  resolved "https://registry.yarnpkg.com/parseqs/-/parseqs-0.0.6.tgz#8e4bb5a19d1cdc844a08ac974d34e273afa670d5"
  integrity sha512-jeAGzMDbfSHHA091hr0r31eYfTig+29g3GKKE/PPbEQ65X0lmMwlEoqmhzu0iztID5uJpZsFlUPDP8ThPL7M8w==

parseuri@0.0.6:
  version "0.0.6"
  resolved "https://registry.yarnpkg.com/parseuri/-/parseuri-0.0.6.tgz#e1496e829e3ac2ff47f39a4dd044b32823c4a25a"
  integrity sha512-AUjen8sAkGgao7UyCX6Ahv0gIK2fABKmYjvP4xmy5JaKvcbTRueIqIPHLAfq30xJddqSE033IOMUSOMCcK3Sow==

path-parse@^1.0.6:
  version "1.0.7"
  resolved "https://registry.yarnpkg.com/path-parse/-/path-parse-1.0.7.tgz#fbc114b60ca42b30d9daf5858e4bd68bbedb6735"
  integrity sha512-LDJzPVEEEPR+y48z93A0Ed0yXb8pAByGWo/k5YYdYgpY2/2EsOsksJrq7lOHxryrVOn1ejG6oAp8ahvOIQD8sw==

postcss@^8.3.6:
  version "8.3.8"
  resolved "https://registry.yarnpkg.com/postcss/-/postcss-8.3.8.tgz#9ebe2a127396b4b4570ae9f7770e7fb83db2bac1"
  integrity sha512-GT5bTjjZnwDifajzczOC+r3FI3Cu+PgPvrsjhQdRqa2kTJ4968/X9CUce9xttIB0xOs5c6xf0TCWZo/y9lF6bA==
  dependencies:
    nanocolors "^0.2.2"
    nanoid "^3.1.25"
    source-map-js "^0.6.2"

resolve@^1.20.0:
  version "1.20.0"
  resolved "https://registry.yarnpkg.com/resolve/-/resolve-1.20.0.tgz#629a013fb3f70755d6f0b7935cc1c2c5378b1975"
  integrity sha512-wENBPt4ySzg4ybFQW2TT1zMQucPK95HSh/nq2CFTZVOGut2+pQvSsgtda4d26YrYcr067wjbmzOG8byDPBX63A==
  dependencies:
    is-core-module "^2.2.0"
    path-parse "^1.0.6"

rollup@^2.38.5:
  version "2.57.0"
  resolved "https://registry.yarnpkg.com/rollup/-/rollup-2.57.0.tgz#c1694475eb22e1022477c0f4635fd0ac80713173"
  integrity sha512-bKQIh1rWKofRee6mv8SrF2HdP6pea5QkwBZSMImJysFj39gQuiV8MEPBjXOCpzk3wSYp63M2v2wkWBmFC8O/rg==
  optionalDependencies:
    fsevents "~2.3.2"

socket.io-client@^4.2.0:
  version "4.2.0"
  resolved "https://registry.yarnpkg.com/socket.io-client/-/socket.io-client-4.2.0.tgz#195feed3de40283b1ae3f7d02cf91d3eb2c905c1"
  integrity sha512-3GJ2KMh7inJUNAOjgf8NaKJZJa9uRyfryh2LrVJyKyxmzoXlfW9DeDNqylJn0ovOFt4e/kRLNWzMt/YqqEWYSA==
  dependencies:
    "@types/component-emitter" "^1.2.10"
    backo2 "~1.0.2"
    component-emitter "~1.3.0"
    debug "~4.3.2"
    engine.io-client "~5.2.0"
    parseuri "0.0.6"
    socket.io-parser "~4.0.4"

socket.io-parser@~4.0.4:
  version "4.0.4"
  resolved "https://registry.yarnpkg.com/socket.io-parser/-/socket.io-parser-4.0.4.tgz#9ea21b0d61508d18196ef04a2c6b9ab630f4c2b0"
  integrity sha512-t+b0SS+IxG7Rxzda2EVvyBZbvFPBCjJoyHuE0P//7OAsN23GItzDRdWa6ALxZI/8R5ygK7jAR6t028/z+7295g==
  dependencies:
    "@types/component-emitter" "^1.2.10"
    component-emitter "~1.3.0"
    debug "~4.3.1"

source-map-js@^0.6.2:
  version "0.6.2"
  resolved "https://registry.yarnpkg.com/source-map-js/-/source-map-js-0.6.2.tgz#0bb5de631b41cfbda6cfba8bd05a80efdfd2385e"
  integrity sha512-/3GptzWzu0+0MBQFrDKzw/DvvMTUORvgY6k6jd/VS6iCR4RDTKWH6v6WPwQoUO8667uQEf9Oe38DxAYWY5F/Ug==

vite@^2.3.7:
  version "2.5.10"
  resolved "https://registry.yarnpkg.com/vite/-/vite-2.5.10.tgz#c598e3b5a7e1956ffc52eb3b3420d177fc2ed2a5"
  integrity sha512-0ObiHTi5AHyXdJcvZ67HMsDgVpjT5RehvVKv6+Q0jFZ7zDI28PF5zK9mYz2avxdA+4iJMdwCz6wnGNnn4WX5Gg==
  dependencies:
    esbuild "^0.12.17"
    postcss "^8.3.6"
    resolve "^1.20.0"
    rollup "^2.38.5"
  optionalDependencies:
    fsevents "~2.3.2"

ws@~7.4.2:
  version "7.4.6"
  resolved "https://registry.yarnpkg.com/ws/-/ws-7.4.6.tgz#5654ca8ecdeee47c33a9a4bf6d28e2be2980377c"
  integrity sha512-YmhHDO4MzaDLB+M9ym/mDA5z0naX8j7SIlT8f8z+I0VtzsRbekxEutHSme7NPS2qE8StCYQNUnfWdXta/Yu85A==

xmlhttprequest-ssl@~2.0.0:
  version "2.0.0"
  resolved "https://registry.yarnpkg.com/xmlhttprequest-ssl/-/xmlhttprequest-ssl-2.0.0.tgz#91360c86b914e67f44dce769180027c0da618c67"
  integrity sha512-QKxVRxiRACQcVuQEYFsI1hhkrMlrXHPegbbd1yn9UHOmRxY+si12nQYzri3vbzt8VdTTRviqcKxcyllFas5z2A==

yeast@0.1.2:
  version "0.1.2"
  resolved "https://registry.yarnpkg.com/yeast/-/yeast-0.1.2.tgz#008e06d8094320c372dbc2f8ed76a0ca6c8ac419"
  integrity sha1-AI4G2AlDIMNy28L47XagymyKxBk=
